Microsoft Visual Studio Solution File, Format Version 12.00
# Visual Studio Version 17
VisualStudioVersion = 17.12.35707.178
MinimumVisualStudioVersion = 10.0.40219.1
Project("{FAE04EC0-301F-11D3-BF4B-00C04F79EFBC}") = "SimpleBudgetTracker.Api.AppHost", "SimpleBudgetTracker.Api.AppHost\SimpleBudgetTracker.Api.AppHost.csproj", "{3808B645-BCE7-41D3-B99F-80AE389ED81D}"
EndProject
Project("{FAE04EC0-301F-11D3-BF4B-00C04F79EFBC}") = "SimpleBudgetTracker.Api.ServiceDefaults", "SimpleBudgetTracker.Api.ServiceDefaults\SimpleBudgetTracker.Api.ServiceDefaults.csproj", "{8C98B410-4024-47B5-94B4-FBC8471FDCBA}"
EndProject
Project("{FAE04EC0-301F-11D3-BF4B-00C04F79EFBC}") = "SimpleBudgetTracker.Api", "SimpleBudgetTracker.Api\SimpleBudgetTracker.Api.csproj", "{E0267D6F-142D-492B-BC25-5C0C4D7F3484}"
EndProject
Project("{FAE04EC0-301F-11D3-BF4B-00C04F79EFBC}") = "SimpleBudgetTracker.Business", "SimpleBudgetTracker.Business\SimpleBudgetTracker.Business.csproj", "{1FC27D12-5498-4F50-8972-2B24BF3C0BD3}"
EndProject
Project("{FAE04EC0-301F-11D3-BF4B-00C04F79EFBC}") = "SimpleBudgetTracker.Data", "SimpleBudgetTracker.Data\SimpleBudgetTracker.Data.csproj", "{BD15D789-4F22-4A0F-9746-FBAB750C83D3}"
EndProject
Project("{FAE04EC0-301F-11D3-BF4B-00C04F79EFBC}") = "SimpleBudgetTracker.Models", "SimpleBudgetTracker.Models\SimpleBudgetTracker.Models.csproj", "{0C5468E7-A749-4352-BD2B-D0DA42BFE13F}"
EndProject
Global
	GlobalSection(SolutionConfigurationPlatforms) = preSolution
		Debug|Any CPU = Debug|Any CPU
		Release|Any CPU = Release|Any CPU
	EndGlobalSection
	GlobalSection(ProjectConfigurationPlatforms) = postSolution
		{3808B645-BCE7-41D3-B99F-80AE389ED81D}.Debug|Any CPU.ActiveCfg = Debug|Any CPU
		{3808B645-BCE7-41D3-B99F-80AE389ED81D}.Debug|Any CPU.Build.0 = Debug|Any CPU
		{3808B645-BCE7-41D3-B99F-80AE389ED81D}.Release|Any CPU.ActiveCfg = Release|Any CPU
		{3808B645-BCE7-41D3-B99F-80AE389ED81D}.Release|Any CPU.Build.0 = Release|Any CPU
		{8C98B410-4024-47B5-94B4-FBC8471FDCBA}.Debug|Any CPU.ActiveCfg = Debug|Any CPU
		{8C98B410-4024-47B5-94B4-FBC8471FDCBA}.Debug|Any CPU.Build.0 = Debug|Any CPU
		{8C98B410-4024-47B5-94B4-FBC8471FDCBA}.Release|Any CPU.ActiveCfg = Release|Any CPU
		{8C98B410-4024-47B5-94B4-FBC8471FDCBA}.Release|Any CPU.Build.0 = Release|Any CPU
		{E0267D6F-142D-492B-BC25-5C0C4D7F3484}.Debug|Any CPU.ActiveCfg = Debug|Any CPU
		{E0267D6F-142D-492B-BC25-5C0C4D7F3484}.Debug|Any CPU.Build.0 = Debug|Any CPU
		{E0267D6F-142D-492B-BC25-5C0C4D7F3484}.Release|Any CPU.ActiveCfg = Release|Any CPU
		{E0267D6F-142D-492B-BC25-5C0C4D7F3484}.Release|Any CPU.Build.0 = Release|Any CPU
		{1FC27D12-5498-4F50-8972-2B24BF3C0BD3}.Debug|Any CPU.ActiveCfg = Debug|Any CPU
		{1FC27D12-5498-4F50-8972-2B24BF3C0BD3}.Debug|Any CPU.Build.0 = Debug|Any CPU
		{1FC27D12-5498-4F50-8972-2B24BF3C0BD3}.Release|Any CPU.ActiveCfg = Release|Any CPU
		{1FC27D12-5498-4F50-8972-2B24BF3C0BD3}.Release|Any CPU.Build.0 = Release|Any CPU
		{BD15D789-4F22-4A0F-9746-FBAB750C83D3}.Debug|Any CPU.ActiveCfg = Debug|Any CPU
		{BD15D789-4F22-4A0F-9746-FBAB750C83D3}.Debug|Any CPU.Build.0 = Debug|Any CPU
		{BD15D789-4F22-4A0F-9746-FBAB750C83D3}.Release|Any CPU.ActiveCfg = Release|Any CPU
		{BD15D789-4F22-4A0F-9746-FBAB750C83D3}.Release|Any CPU.Build.0 = Release|Any CPU
		{0C5468E7-A749-4352-BD2B-D0DA42BFE13F}.Debug|Any CPU.ActiveCfg = Debug|Any CPU
		{0C5468E7-A749-4352-BD2B-D0DA42BFE13F}.Debug|Any CPU.Build.0 = Debug|Any CPU
		{0C5468E7-A749-4352-BD2B-D0DA42BFE13F}.Release|Any CPU.ActiveCfg = Release|Any CPU
		{0C5468E7-A749-4352-BD2B-D0DA42BFE13F}.Release|Any CPU.Build.0 = Release|Any CPU
	EndGlobalSection
	GlobalSection(SolutionProperties) = preSolution
		HideSolutionNode = FALSE
	EndGlobalSection
EndGlobal
